
Microsoft Visual Studio Solution File, Format Version 12.00
# Visual Studio Version 17
VisualStudioVersion = 17.2.32505.173
MinimumVisualStudioVersion = 10.0.40219.1
Project("{8BC9CEB8-8B4A-11D0-8D11-00A0C91BC942}") = "Sandbox", "Sandbox\Sandbox.vcxproj", "{09A4F290-60BC-4858-906C-F708AC2630ED}"
EndProject
Project("{8BC9CEB8-8B4A-11D0-8D11-00A0C91BC942}") = "EpicGameEngine", "EpicGameEngine\EpicGameEngine.vcxproj", "{5A808B98-ACBF-4CA7-9C43-57E74BE3DB25}"
EndProject
Global
	GlobalSection(SolutionConfigurationPlatforms) = preSolution
		Debug|x64 = Debug|x64
		Release|x64 = Release|x64
	EndGlobalSection
	GlobalSection(ProjectConfigurationPlatforms) = postSolution
		{5A808B98-ACBF-4CA7-9C43-57E74BE3DB25}.Debug|x64.ActiveCfg = Debug|x64
		{5A808B98-ACBF-4CA7-9C43-57E74BE3DB25}.Debug|x64.Build.0 = Debug|x64
		{5A808B98-ACBF-4CA7-9C43-57E74BE3DB25}.Release|x64.ActiveCfg = Release|x64
		{5A808B98-ACBF-4CA7-9C43-57E74BE3DB25}.Release|x64.Build.0 = Release|x64
		{09A4F290-60BC-4858-906C-F708AC2630ED}.Debug|x64.ActiveCfg = Debug|x64
		{09A4F290-60BC-4858-906C-F708AC2630ED}.Debug|x64.Build.0 = Debug|x64
		{09A4F290-60BC-4858-906C-F708AC2630ED}.Release|x64.ActiveCfg = Release|x64
		{09A4F290-60BC-4858-906C-F708AC2630ED}.Release|x64.Build.0 = Release|x64
	EndGlobalSection
	GlobalSection(SolutionProperties) = preSolution
		HideSolutionNode = FALSE
	EndGlobalSection
	GlobalSection(ExtensibilityGlobals) = postSolution
		SolutionGuid = {BB5E36CB-4998-4EA3-B6B3-7DD19FC7BC5B}
	EndGlobalSection
EndGlobal
